// !$*UTF8*$!
{
	archiveVersion = 1;
	classes = {
	};
	objectVersion = 55;
	objects = {

/* Begin PBXBuildFile section */
		846C335929068E6600EF4712 /* DowJonesAppApp.swift in Sources */ = {isa = PBXBuildFile; fileRef = 846C335829068E6600EF4712 /* DowJonesAppApp.swift */; };
		846C335B29068E6600EF4712 /* ContentView.swift in Sources */ = {isa = PBXBuildFile; fileRef = 846C335A29068E6600EF4712 /* ContentView.swift */; };
		846C335D29068E6700EF4712 /* Assets.xcassets in Resources */ = {isa = PBXBuildFile; fileRef = 846C335C29068E6700EF4712 /* Assets.xcassets */; };
		846C336029068E6700EF4712 /* Preview Assets.xcassets in Resources */ = {isa = PBXBuildFile; fileRef = 846C335F29068E6700EF4712 /* Preview Assets.xcassets */; };
		846C33682907129100EF4712 /* Color.swift in Sources */ = {isa = PBXBuildFile; fileRef = 846C33672907129100EF4712 /* Color.swift */; };
		846C336E2907D91900EF4712 /* HomeView.swift in Sources */ = {isa = PBXBuildFile; fileRef = 846C336D2907D91900EF4712 /* HomeView.swift */; };
		846C33722907DD5800EF4712 /* CircleButtonView.swift in Sources */ = {isa = PBXBuildFile; fileRef = 846C33712907DD5800EF4712 /* CircleButtonView.swift */; };
		846C33742907E81C00EF4712 /* CircleButtonAnimationView.swift in Sources */ = {isa = PBXBuildFile; fileRef = 846C33732907E81C00EF4712 /* CircleButtonAnimationView.swift */; };
		846C3379290858F200EF4712 /* Coin.swift in Sources */ = {isa = PBXBuildFile; fileRef = 846C3378290858F200EF4712 /* Coin.swift */; };
		846C337B2909639500EF4712 /* CoinRowView.swift in Sources */ = {isa = PBXBuildFile; fileRef = 846C337A2909639400EF4712 /* CoinRowView.swift */; };
		846C337D2909644400EF4712 /* PreviewProvider.swift in Sources */ = {isa = PBXBuildFile; fileRef = 846C337C2909644400EF4712 /* PreviewProvider.swift */; };
		846C337F29096B5500EF4712 /* Double.swift in Sources */ = {isa = PBXBuildFile; fileRef = 846C337E29096B5500EF4712 /* Double.swift */; };
		846C338129098DE200EF4712 /* HomeViewModel.swift in Sources */ = {isa = PBXBuildFile; fileRef = 846C338029098DE200EF4712 /* HomeViewModel.swift */; };
		847F9838290A7230005E08C4 /* LocalFileManager.swift in Sources */ = {isa = PBXBuildFile; fileRef = 847F9837290A7230005E08C4 /* LocalFileManager.swift */; };
		848AFCCF2909B8A800BE71E3 /* CoinDataService.swift in Sources */ = {isa = PBXBuildFile; fileRef = 848AFCCE2909B8A800BE71E3 /* CoinDataService.swift */; };
		848AFCD22909C3C600BE71E3 /* NetworkingManager.swift in Sources */ = {isa = PBXBuildFile; fileRef = 848AFCD12909C3C600BE71E3 /* NetworkingManager.swift */; };
		848AFCD52909D37C00BE71E3 /* CoinImageView.swift in Sources */ = {isa = PBXBuildFile; fileRef = 848AFCD42909D37C00BE71E3 /* CoinImageView.swift */; };
		848AFCD72909D50200BE71E3 /* CoinImageServise.swift in Sources */ = {isa = PBXBuildFile; fileRef = 848AFCD62909D50200BE71E3 /* CoinImageServise.swift */; };
		848AFCD92909D84600BE71E3 /* CoinImageViewModel.swift in Sources */ = {isa = PBXBuildFile; fileRef = 848AFCD82909D84600BE71E3 /* CoinImageViewModel.swift */; };
/* End PBXBuildFile section */

/* Begin PBXFileReference section */
		846C335529068E6600EF4712 /* Crypt Like Dow Jones.app */ = {isa = PBXFileReference; explicitFileType = wrapper.application; includeInIndex = 0; path = "Crypt Like Dow Jones.app"; sourceTree = BUILT_PRODUCTS_DIR; };
		846C335829068E6600EF4712 /* DowJonesAppApp.swift */ = {isa = PBXFileReference; lastKnownFileType = sourcecode.swift; path = DowJonesAppApp.swift; sourceTree = "<group>"; };
		846C335A29068E6600EF4712 /* ContentView.swift */ = {isa = PBXFileReference; lastKnownFileType = sourcecode.swift; path = ContentView.swift; sourceTree = "<group>"; };
		846C335C29068E6700EF4712 /* Assets.xcassets */ = {isa = PBXFileReference; lastKnownFileType = folder.assetcatalog; path = Assets.xcassets; sourceTree = "<group>"; };
		846C335F29068E6700EF4712 /* Preview Assets.xcassets */ = {isa = PBXFileReference; lastKnownFileType = folder.assetcatalog; path = "Preview Assets.xcassets"; sourceTree = "<group>"; };
		846C33672907129100EF4712 /* Color.swift */ = {isa = PBXFileReference; lastKnownFileType = sourcecode.swift; path = Color.swift; sourceTree = "<group>"; };
		846C336D2907D91900EF4712 /* HomeView.swift */ = {isa = PBXFileReference; lastKnownFileType = sourcecode.swift; path = HomeView.swift; sourceTree = "<group>"; };
		846C33712907DD5800EF4712 /* CircleButtonView.swift */ = {isa = PBXFileReference; lastKnownFileType = sourcecode.swift; path = CircleButtonView.swift; sourceTree = "<group>"; };
		846C33732907E81C00EF4712 /* CircleButtonAnimationView.swift */ = {isa = PBXFileReference; lastKnownFileType = sourcecode.swift; path = CircleButtonAnimationView.swift; sourceTree = "<group>"; };
		846C3378290858F200EF4712 /* Coin.swift */ = {isa = PBXFileReference; fileEncoding = 4; lastKnownFileType = sourcecode.swift; name = Coin.swift; path = ../../../../Downloads/Resources/Models/Coin.swift; sourceTree = "<group>"; };
		846C337A2909639400EF4712 /* CoinRowView.swift */ = {isa = PBXFileReference; lastKnownFileType = sourcecode.swift; path = CoinRowView.swift; sourceTree = "<group>"; };
		846C337C2909644400EF4712 /* PreviewProvider.swift */ = {isa = PBXFileReference; lastKnownFileType = sourcecode.swift; path = PreviewProvider.swift; sourceTree = "<group>"; };
		846C337E29096B5500EF4712 /* Double.swift */ = {isa = PBXFileReference; lastKnownFileType = sourcecode.swift; path = Double.swift; sourceTree = "<group>"; };
		846C338029098DE200EF4712 /* HomeViewModel.swift */ = {isa = PBXFileReference; lastKnownFileType = sourcecode.swift; path = HomeViewModel.swift; sourceTree = "<group>"; };
		847F9837290A7230005E08C4 /* LocalFileManager.swift */ = {isa = PBXFileReference; lastKnownFileType = sourcecode.swift; path = LocalFileManager.swift; sourceTree = "<group>"; };
		848AFCCE2909B8A800BE71E3 /* CoinDataService.swift */ = {isa = PBXFileReference; lastKnownFileType = sourcecode.swift; path = CoinDataService.swift; sourceTree = "<group>"; };
		848AFCD12909C3C600BE71E3 /* NetworkingManager.swift */ = {isa = PBXFileReference; lastKnownFileType = sourcecode.swift; path = NetworkingManager.swift; sourceTree = "<group>"; };
		848AFCD42909D37C00BE71E3 /* CoinImageView.swift */ = {isa = PBXFileReference; lastKnownFileType = sourcecode.swift; path = CoinImageView.swift; sourceTree = "<group>"; };
		848AFCD62909D50200BE71E3 /* CoinImageServise.swift */ = {isa = PBXFileReference; lastKnownFileType = sourcecode.swift; path = CoinImageServise.swift; sourceTree = "<group>"; };
		848AFCD82909D84600BE71E3 /* CoinImageViewModel.swift */ = {isa = PBXFileReference; lastKnownFileType = sourcecode.swift; path = CoinImageViewModel.swift; sourceTree = "<group>"; };
/* End PBXFileReference section */

/* Begin PBXFrameworksBuildPhase section */
		846C335229068E6600EF4712 /* Frameworks */ = {
			isa = PBXFrameworksBuildPhase;
			buildActionMask = 2147483647;
			files = (
			);
			runOnlyForDeploymentPostprocessing = 0;
		};
/* End PBXFrameworksBuildPhase section */

/* Begin PBXGroup section */
		846C334C29068E6600EF4712 = {
			isa = PBXGroup;
			children = (
				846C335729068E6600EF4712 /* DowJonesApp */,
				846C335629068E6600EF4712 /* Products */,
			);
			sourceTree = "<group>";
		};
		846C335629068E6600EF4712 /* Products */ = {
			isa = PBXGroup;
			children = (
				846C335529068E6600EF4712 /* Crypt Like Dow Jones.app */,
			);
			name = Products;
			sourceTree = "<group>";
		};
		846C335729068E6600EF4712 /* DowJonesApp */ = {
			isa = PBXGroup;
			children = (
				846C335829068E6600EF4712 /* DowJonesAppApp.swift */,
				846C33662907126B00EF4712 /* Extensions */,
				848AFCD02909C38000BE71E3 /* Utilities */,
				848AFCCD2909B88F00BE71E3 /* Services */,
				846C3375290855F500EF4712 /* Models */,
				846C33692907D87C00EF4712 /* Core */,
				846C335A29068E6600EF4712 /* ContentView.swift */,
				846C335C29068E6700EF4712 /* Assets.xcassets */,
				846C335E29068E6700EF4712 /* Preview Content */,
			);
			path = DowJonesApp;
			sourceTree = "<group>";
		};
		846C335E29068E6700EF4712 /* Preview Content */ = {
			isa = PBXGroup;
			children = (
				846C335F29068E6700EF4712 /* Preview Assets.xcassets */,
			);
			path = "Preview Content";
			sourceTree = "<group>";
		};
		846C33662907126B00EF4712 /* Extensions */ = {
			isa = PBXGroup;
			children = (
				846C33672907129100EF4712 /* Color.swift */,
				846C337E29096B5500EF4712 /* Double.swift */,
				846C337C2909644400EF4712 /* PreviewProvider.swift */,
			);
			path = Extensions;
			sourceTree = "<group>";
		};
		846C33692907D87C00EF4712 /* Core */ = {
			isa = PBXGroup;
			children = (
				846C336F2907DD1600EF4712 /* Components */,
				846C336A2907D8BB00EF4712 /* Home */,
			);
			path = Core;
			sourceTree = "<group>";
		};
		846C336A2907D8BB00EF4712 /* Home */ = {
			isa = PBXGroup;
			children = (
				846C336B2907D8C300EF4712 /* Views */,
				846C336C2907D8D300EF4712 /* ViewModels */,
			);
			path = Home;
			sourceTree = "<group>";
		};
		846C336B2907D8C300EF4712 /* Views */ = {
			isa = PBXGroup;
			children = (
				846C336D2907D91900EF4712 /* HomeView.swift */,
				846C337A2909639400EF4712 /* CoinRowView.swift */,
			);
			path = Views;
			sourceTree = "<group>";
		};
		846C336C2907D8D300EF4712 /* ViewModels */ = {
			isa = PBXGroup;
			children = (
				846C338029098DE200EF4712 /* HomeViewModel.swift */,
			);
			path = ViewModels;
			sourceTree = "<group>";
		};
		846C336F2907DD1600EF4712 /* Components */ = {
			isa = PBXGroup;
			children = (
				848AFCD32909D36400BE71E3 /* CoinImage */,
				846C33702907DD3700EF4712 /* CircleButton */,
			);
			path = Components;
			sourceTree = "<group>";
		};
		846C33702907DD3700EF4712 /* CircleButton */ = {
			isa = PBXGroup;
			children = (
				846C33712907DD5800EF4712 /* CircleButtonView.swift */,
				846C33732907E81C00EF4712 /* CircleButtonAnimationView.swift */,
			);
			path = CircleButton;
			sourceTree = "<group>";
		};
		846C3375290855F500EF4712 /* Models */ = {
			isa = PBXGroup;
			children = (
				846C3378290858F200EF4712 /* Coin.swift */,
			);
			path = Models;
			sourceTree = "<group>";
		};
		848AFCCD2909B88F00BE71E3 /* Services */ = {
			isa = PBXGroup;
			children = (
				848AFCCE2909B8A800BE71E3 /* CoinDataService.swift */,
				848AFCD62909D50200BE71E3 /* CoinImageServise.swift */,
			);
			path = Services;
			sourceTree = "<group>";
		};
		848AFCD02909C38000BE71E3 /* Utilities */ = {
			isa = PBXGroup;
			children = (
				848AFCD12909C3C600BE71E3 /* NetworkingManager.swift */,
				847F9837290A7230005E08C4 /* LocalFileManager.swift */,
			);
			path = Utilities;
			sourceTree = "<group>";
		};
		848AFCD32909D36400BE71E3 /* CoinImage */ = {
			isa = PBXGroup;
			children = (
				848AFCD42909D37C00BE71E3 /* CoinImageView.swift */,
				848AFCD82909D84600BE71E3 /* CoinImageViewModel.swift */,
			);
			path = CoinImage;
			sourceTree = "<group>";
		};
/* End PBXGroup section */

/* Begin PBXNativeTarget section */
		846C335429068E6600EF4712 /* DowJonesApp */ = {
			isa = PBXNativeTarget;
			buildConfigurationList = 846C336329068E6700EF4712 /* Build configuration list for PBXNativeTarget "DowJonesApp" */;
			buildPhases = (
				846C335129068E6600EF4712 /* Sources */,
				846C335229068E6600EF4712 /* Frameworks */,
				846C335329068E6600EF4712 /* Resources */,
			);
			buildRules = (
			);
			dependencies = (
			);
			name = DowJonesApp;
			productName = DowJonesApp;
			productReference = 846C335529068E6600EF4712 /* Crypt Like Dow Jones.app */;
			productType = "com.apple.product-type.application";
		};
/* End PBXNativeTarget section */

/* Begin PBXProject section */
		846C334D29068E6600EF4712 /* Project object */ = {
			isa = PBXProject;
			attributes = {
				BuildIndependentTargetsInParallel = 1;
				LastSwiftUpdateCheck = 1340;
				LastUpgradeCheck = 1340;
				TargetAttributes = {
					846C335429068E6600EF4712 = {
						CreatedOnToolsVersion = 13.4.1;
					};
				};
			};
			buildConfigurationList = 846C335029068E6600EF4712 /* Build configuration list for PBXProject "DowJonesApp" */;
			compatibilityVersion = "Xcode 13.0";
			developmentRegion = en;
			hasScannedForEncodings = 0;
			knownRegions = (
				en,
				Base,
			);
			mainGroup = 846C334C29068E6600EF4712;
			productRefGroup = 846C335629068E6600EF4712 /* Products */;
			projectDirPath = "";
			projectRoot = "";
			targets = (
				846C335429068E6600EF4712 /* DowJonesApp */,
			);
		};
/* End PBXProject section */

/* Begin PBXResourcesBuildPhase section */
		846C335329068E6600EF4712 /* Resources */ = {
			isa = PBXResourcesBuildPhase;
			buildActionMask = 2147483647;
			files = (
				846C336029068E6700EF4712 /* Preview Assets.xcassets in Resources */,
				846C335D29068E6700EF4712 /* Assets.xcassets in Resources */,
			);
			runOnlyForDeploymentPostprocessing = 0;
		};
/* End PBXResourcesBuildPhase section */

/* Begin PBXSourcesBuildPhase section */
		846C335129068E6600EF4712 /* Sources */ = {
			isa = PBXSourcesBuildPhase;
			buildActionMask = 2147483647;
			files = (
				848AFCCF2909B8A800BE71E3 /* CoinDataService.swift in Sources */,
				846C337B2909639500EF4712 /* CoinRowView.swift in Sources */,
				846C338129098DE200EF4712 /* HomeViewModel.swift in Sources */,
				846C335B29068E6600EF4712 /* ContentView.swift in Sources */,
				847F9838290A7230005E08C4 /* LocalFileManager.swift in Sources */,
				846C336E2907D91900EF4712 /* HomeView.swift in Sources */,
				848AFCD52909D37C00BE71E3 /* CoinImageView.swift in Sources */,
				846C335929068E6600EF4712 /* DowJonesAppApp.swift in Sources */,
				846C33722907DD5800EF4712 /* CircleButtonView.swift in Sources */,
				846C3379290858F200EF4712 /* Coin.swift in Sources */,
				848AFCD22909C3C600BE71E3 /* NetworkingManager.swift in Sources */,
				846C33682907129100EF4712 /* Color.swift in Sources */,
				848AFCD92909D84600BE71E3 /* CoinImageViewModel.swift in Sources */,
				846C337D2909644400EF4712 /* PreviewProvider.swift in Sources */,
				846C337F29096B5500EF4712 /* Double.swift in Sources */,
				846C33742907E81C00EF4712 /* CircleButtonAnimationView.swift in Sources */,
				848AFCD72909D50200BE71E3 /* CoinImageServise.swift in Sources */,
			);
			runOnlyForDeploymentPostprocessing = 0;
		};
/* End PBXSourcesBuildPhase section */

/* Begin XCBuildConfiguration section */
		846C336129068E6700EF4712 /* Debug */ = {
			isa = XCBuildConfiguration;
			buildSettings = {
				ALWAYS_SEARCH_USER_PATHS = NO;
				CLANG_ANALYZER_NONNULL = YES;
				CLANG_ANALYZER_NUMBER_OBJECT_CONVERSION = YES_AGGRESSIVE;
				CLANG_CXX_LANGUAGE_STANDARD = "gnu++17";
				CLANG_ENABLE_MODULES = YES;
				CLANG_ENABLE_OBJC_ARC = YES;
				CLANG_ENABLE_OBJC_WEAK = YES;
				CLANG_WARN_BLOCK_CAPTURE_AUTORELEASING = YES;
				CLANG_WARN_BOOL_CONVERSION = YES;
				CLANG_WARN_COMMA = YES;
				CLANG_WARN_CONSTANT_CONVERSION = YES;
				CLANG_WARN_DEPRECATED_OBJC_IMPLEMENTATIONS = YES;
				CLANG_WARN_DIRECT_OBJC_ISA_USAGE = YES_ERROR;
				CLANG_WARN_DOCUMENTATION_COMMENTS = YES;
				CLANG_WARN_EMPTY_BODY = YES;
				CLANG_WARN_ENUM_CONVERSION = YES;
				CLANG_WARN_INFINITE_RECURSION = YES;
				CLANG_WARN_INT_CONVERSION = YES;
				CLANG_WARN_NON_LITERAL_NULL_CONVERSION = YES;
				CLANG_WARN_OBJC_IMPLICIT_RETAIN_SELF = YES;
				CLANG_WARN_OBJC_LITERAL_CONVERSION = YES;
				CLANG_WARN_OBJC_ROOT_CLASS = YES_ERROR;
				CLANG_WARN_QUOTED_INCLUDE_IN_FRAMEWORK_HEADER = YES;
				CLANG_WARN_RANGE_LOOP_ANALYSIS = YES;
				CLANG_WARN_STRICT_PROTOTYPES = YES;
				CLANG_WARN_SUSPICIOUS_MOVE = YES;
				CLANG_WARN_UNGUARDED_AVAILABILITY = YES_AGGRESSIVE;
				CLANG_WARN_UNREACHABLE_CODE = YES;
				CLANG_WARN__DUPLICATE_METHOD_MATCH = YES;
				COPY_PHASE_STRIP = NO;
				DEBUG_INFORMATION_FORMAT = dwarf;
				ENABLE_STRICT_OBJC_MSGSEND = YES;
				ENABLE_TESTABILITY = YES;
				GCC_C_LANGUAGE_STANDARD = gnu11;
				GCC_DYNAMIC_NO_PIC = NO;
				GCC_NO_COMMON_BLOCKS = YES;
				GCC_OPTIMIZATION_LEVEL = 0;
				GCC_PREPROCESSOR_DEFINITIONS = (
					"DEBUG=1",
					"$(inherited)",
				);
				GCC_WARN_64_TO_32_BIT_CONVERSION = YES;
				GCC_WARN_ABOUT_RETURN_TYPE = YES_ERROR;
				GCC_WARN_UNDECLARED_SELECTOR = YES;
				GCC_WARN_UNINITIALIZED_AUTOS = YES_AGGRESSIVE;
				GCC_WARN_UNUSED_FUNCTION = YES;
				GCC_WARN_UNUSED_VARIABLE = YES;
				IPHONEOS_DEPLOYMENT_TARGET = 15.5;
				MTL_ENABLE_DEBUG_INFO = INCLUDE_SOURCE;
				MTL_FAST_MATH = YES;
				ONLY_ACTIVE_ARCH = YES;
				SDKROOT = iphoneos;
				SWIFT_ACTIVE_COMPILATION_CONDITIONS = DEBUG;
				SWIFT_OPTIMIZATION_LEVEL = "-Onone";
			};
			name = Debug;
		};
		846C336229068E6700EF4712 /* Release */ = {
			isa = XCBuildConfiguration;
			buildSettings = {
				ALWAYS_SEARCH_USER_PATHS = NO;
				CLANG_ANALYZER_NONNULL = YES;
				CLANG_ANALYZER_NUMBER_OBJECT_CONVERSION = YES_AGGRESSIVE;
				CLANG_CXX_LANGUAGE_STANDARD = "gnu++17";
				CLANG_ENABLE_MODULES = YES;
				CLANG_ENABLE_OBJC_ARC = YES;
				CLANG_ENABLE_OBJC_WEAK = YES;
				CLANG_WARN_BLOCK_CAPTURE_AUTORELEASING = YES;
				CLANG_WARN_BOOL_CONVERSION = YES;
				CLANG_WARN_COMMA = YES;
				CLANG_WARN_CONSTANT_CONVERSION = YES;
				CLANG_WARN_DEPRECATED_OBJC_IMPLEMENTATIONS = YES;
				CLANG_WARN_DIRECT_OBJC_ISA_USAGE = YES_ERROR;
				CLANG_WARN_DOCUMENTATION_COMMENTS = YES;
				CLANG_WARN_EMPTY_BODY = YES;
				CLANG_WARN_ENUM_CONVERSION = YES;
				CLANG_WARN_INFINITE_RECURSION = YES;
				CLANG_WARN_INT_CONVERSION = YES;
				CLANG_WARN_NON_LITERAL_NULL_CONVERSION = YES;
				CLANG_WARN_OBJC_IMPLICIT_RETAIN_SELF = YES;
				CLANG_WARN_OBJC_LITERAL_CONVERSION = YES;
				CLANG_WARN_OBJC_ROOT_CLASS = YES_ERROR;
				CLANG_WARN_QUOTED_INCLUDE_IN_FRAMEWORK_HEADER = YES;
				CLANG_WARN_RANGE_LOOP_ANALYSIS = YES;
				CLANG_WARN_STRICT_PROTOTYPES = YES;
				CLANG_WARN_SUSPICIOUS_MOVE = YES;
				CLANG_WARN_UNGUARDED_AVAILABILITY = YES_AGGRESSIVE;
				CLANG_WARN_UNREACHABLE_CODE = YES;
				CLANG_WARN__DUPLICATE_METHOD_MATCH = YES;
				COPY_PHASE_STRIP = NO;
				DEBUG_INFORMATION_FORMAT = "dwarf-with-dsym";
				ENABLE_NS_ASSERTIONS = NO;
				ENABLE_STRICT_OBJC_MSGSEND = YES;
				GCC_C_LANGUAGE_STANDARD = gnu11;
				GCC_NO_COMMON_BLOCKS = YES;
				GCC_WARN_64_TO_32_BIT_CONVERSION = YES;
				GCC_WARN_ABOUT_RETURN_TYPE = YES_ERROR;
				GCC_WARN_UNDECLARED_SELECTOR = YES;
				GCC_WARN_UNINITIALIZED_AUTOS = YES_AGGRESSIVE;
				GCC_WARN_UNUSED_FUNCTION = YES;
				GCC_WARN_UNUSED_VARIABLE = YES;
				IPHONEOS_DEPLOYMENT_TARGET = 15.5;
				MTL_ENABLE_DEBUG_INFO = NO;
				MTL_FAST_MATH = YES;
				SDKROOT = iphoneos;
				SWIFT_COMPILATION_MODE = wholemodule;
				SWIFT_OPTIMIZATION_LEVEL = "-O";
				VALIDATE_PRODUCT = YES;
			};
			name = Release;
		};
		846C336429068E6700EF4712 /* Debug */ = {
			isa = XCBuildConfiguration;
			buildSettings = {
				ASSETCATALOG_COMPILER_APPICON_NAME = AppIcon;
				ASSETCATALOG_COMPILER_GLOBAL_ACCENT_COLOR_NAME = AccentColor;
				CODE_SIGN_STYLE = Automatic;
				CURRENT_PROJECT_VERSION = 1;
				DEVELOPMENT_ASSET_PATHS = "\"DowJonesApp/Preview Content\"";
				DEVELOPMENT_TEAM = BQWDR6V5R2;
				ENABLE_PREVIEWS = YES;
				GENERATE_INFOPLIST_FILE = YES;
				INFOPLIST_KEY_UIApplicationSceneManifest_Generation = YES;
				INFOPLIST_KEY_UIApplicationSupportsIndirectInputEvents = YES;
				INFOPLIST_KEY_UILaunchScreen_Generation = YES;
				INFOPLIST_KEY_UISupportedInterfaceOrientations = UIInterfaceOrientationPortrait;
				INFOPLIST_KEY_UISupportedInterfaceOrientations_iPad = "UIInterfaceOrientationPortrait UIInterfaceOrientationPortraitUpsideDown UIInterfaceOrientationLandscapeLeft UIInterfaceOrientationLandscapeRight";
				INFOPLIST_KEY_UISupportedInterfaceOrientations_iPhone = "UIInterfaceOrientationPortrait UIInterfaceOrientationLandscapeLeft UIInterfaceOrientationLandscapeRight";
				LD_RUNPATH_SEARCH_PATHS = (
					"$(inherited)",
					"@executable_path/Frameworks",
				);
				MARKETING_VERSION = 1.0;
				PRODUCT_BUNDLE_IDENTIFIER = UA.Barbaruk.Maksim.DowJonesApp;
				PRODUCT_NAME = "Crypt Like Dow Jones";
				SWIFT_EMIT_LOC_STRINGS = YES;
				SWIFT_VERSION = 5.0;
				TARGETED_DEVICE_FAMILY = "1,2";
			};
			name = Debug;
		};
		846C336529068E6700EF4712 /* Release */ = {
			isa = XCBuildConfiguration;
			buildSettings = {
				ASSETCATALOG_COMPILER_APPICON_NAME = AppIcon;
				ASSETCATALOG_COMPILER_GLOBAL_ACCENT_COLOR_NAME = AccentColor;
				CODE_SIGN_STYLE = Automatic;
				CURRENT_PROJECT_VERSION = 1;
				DEVELOPMENT_ASSET_PATHS = "\"DowJonesApp/Preview Content\"";
				DEVELOPMENT_TEAM = BQWDR6V5R2;
				ENABLE_PREVIEWS = YES;
				GENERATE_INFOPLIST_FILE = YES;
				INFOPLIST_KEY_UIApplicationSceneManifest_Generation = YES;
				INFOPLIST_KEY_UIApplicationSupportsIndirectInputEvents = YES;
				INFOPLIST_KEY_UILaunchScreen_Generation = YES;
				INFOPLIST_KEY_UISupportedInterfaceOrientations = UIInterfaceOrientationPortrait;
				INFOPLIST_KEY_UISupportedInterfaceOrientations_iPad = "UIInterfaceOrientationPortrait UIInterfaceOrientationPortraitUpsideDown UIInterfaceOrientationLandscapeLeft UIInterfaceOrientationLandscapeRight";
				INFOPLIST_KEY_UISupportedInterfaceOrientations_iPhone = "UIInterfaceOrientationPortrait UIInterfaceOrientationLandscapeLeft UIInterfaceOrientationLandscapeRight";
				LD_RUNPATH_SEARCH_PATHS = (
					"$(inherited)",
					"@executable_path/Frameworks",
				);
				MARKETING_VERSION = 1.0;
				PRODUCT_BUNDLE_IDENTIFIER = UA.Barbaruk.Maksim.DowJonesApp;
				PRODUCT_NAME = "Crypt Like Dow Jones";
				SWIFT_EMIT_LOC_STRINGS = YES;
				SWIFT_VERSION = 5.0;
				TARGETED_DEVICE_FAMILY = "1,2";
			};
			name = Release;
		};
/* End XCBuildConfiguration section */

/* Begin XCConfigurationList section */
		846C335029068E6600EF4712 /* Build configuration list for PBXProject "DowJonesApp" */ = {
			isa = XCConfigurationList;
			buildConfigurations = (
				846C336129068E6700EF4712 /* Debug */,
				846C336229068E6700EF4712 /* Release */,
			);
			defaultConfigurationIsVisible = 0;
			defaultConfigurationName = Release;
		};
		846C336329068E6700EF4712 /* Build configuration list for PBXNativeTarget "DowJonesApp" */ = {
			isa = XCConfigurationList;
			buildConfigurations = (
				846C336429068E6700EF4712 /* Debug */,
				846C336529068E6700EF4712 /* Release */,
			);
			defaultConfigurationIsVisible = 0;
			defaultConfigurationName = Release;
		};
/* End XCConfigurationList section */
	};
	rootObject = 846C334D29068E6600EF4712 /* Project object */;
}
